
Microsoft Visual Studio Solution File, Format Version 12.00
# Visual Studio 2013
VisualStudioVersion = 12.0.31101.0
MinimumVisualStudioVersion = 10.0.40219.1
Project("{FAE04EC0-301F-11D3-BF4B-00C04F79EFBC}") = "ContestViewer", "ContestViewer.csproj", "{19BFCED5-E831-4304-A7D5-8A82BFFA897F}"
EndProject
Global
	GlobalSection(SolutionConfigurationPlatforms) = preSolution
		Debug|Any CPU = Debug|Any CPU
		DebugProd|Any CPU = DebugProd|Any CPU
		Release|Any CPU = Release|Any CPU
		ReleaseProd|Any CPU = ReleaseProd|Any CPU
	EndGlobalSection
	GlobalSection(ProjectConfigurationPlatforms) = postSolution
		{19BFCED5-E831-4304-A7D5-8A82BFFA897F}.Debug|Any CPU.ActiveCfg = Debug|Any CPU
		{19BFCED5-E831-4304-A7D5-8A82BFFA897F}.Debug|Any CPU.Build.0 = Debug|Any CPU
		{19BFCED5-E831-4304-A7D5-8A82BFFA897F}.DebugProd|Any CPU.ActiveCfg = DebugProd|Any CPU
		{19BFCED5-E831-4304-A7D5-8A82BFFA897F}.DebugProd|Any CPU.Build.0 = DebugProd|Any CPU
		{19BFCED5-E831-4304-A7D5-8A82BFFA897F}.Release|Any CPU.ActiveCfg = Release|Any CPU
		{19BFCED5-E831-4304-A7D5-8A82BFFA897F}.Release|Any CPU.Build.0 = Release|Any CPU
		{19BFCED5-E831-4304-A7D5-8A82BFFA897F}.ReleaseProd|Any CPU.ActiveCfg = ReleaseProd|Any CPU
		{19BFCED5-E831-4304-A7D5-8A82BFFA897F}.ReleaseProd|Any CPU.Build.0 = ReleaseProd|Any CPU
	EndGlobalSection
	GlobalSection(SolutionProperties) = preSolution
		HideSolutionNode = FALSE
	EndGlobalSection
EndGlobal
